
Microsoft Visual Studio Solution File, Format Version 12.00
# Visual Studio Version 17
VisualStudioVersion = 17.14.37027.9 d17.14
MinimumVisualStudioVersion = 10.0.40219.1
Project("{FAE04EC0-301F-11D3-BF4B-00C04F79EFBC}") = "Ejercicio 1", "Ejercicio 1\Ejercicio 1.csproj", "{AF37C6AB-295E-4FBC-947F-D7468D2807A0}"
EndProject
Project("{FAE04EC0-301F-11D3-BF4B-00C04F79EFBC}") = "ejercicio 2", "ejercicio 2\ejercicio 2.csproj", "{2A060B11-2F1C-4D5B-8DA8-3BD923FCD976}"
EndProject
Project("{FAE04EC0-301F-11D3-BF4B-00C04F79EFBC}") = "Ejercicio 3}", "Ejercicio 3}\Ejercicio 3}.csproj", "{587DB314-EFFE-4B8A-939F-6A194EB59C1D}"
EndProject
Project("{FAE04EC0-301F-11D3-BF4B-00C04F79EFBC}") = "Ejercicio 4", "Ejercicio 4\Ejercicio 4.csproj", "{9FA0B589-685E-49F1-9C4E-8EA08604187B}"
EndProject
Project("{FAE04EC0-301F-11D3-BF4B-00C04F79EFBC}") = "Ejercicio 5", "Ejercicio 5\Ejercicio 5.csproj", "{4792B9AB-C027-4058-B782-9695B2F8D084}"
EndProject
Global
	GlobalSection(SolutionConfigurationPlatforms) = preSolution
		Debug|Any CPU = Debug|Any CPU
		Release|Any CPU = Release|Any CPU
	EndGlobalSection
	GlobalSection(ProjectConfigurationPlatforms) = postSolution
		{AF37C6AB-295E-4FBC-947F-D7468D2807A0}.Debug|Any CPU.ActiveCfg = Debug|Any CPU
		{AF37C6AB-295E-4FBC-947F-D7468D2807A0}.Debug|Any CPU.Build.0 = Debug|Any CPU
		{AF37C6AB-295E-4FBC-947F-D7468D2807A0}.Release|Any CPU.ActiveCfg = Release|Any CPU
		{AF37C6AB-295E-4FBC-947F-D7468D2807A0}.Release|Any CPU.Build.0 = Release|Any CPU
		{2A060B11-2F1C-4D5B-8DA8-3BD923FCD976}.Debug|Any CPU.ActiveCfg = Debug|Any CPU
		{2A060B11-2F1C-4D5B-8DA8-3BD923FCD976}.Debug|Any CPU.Build.0 = Debug|Any CPU
		{2A060B11-2F1C-4D5B-8DA8-3BD923FCD976}.Release|Any CPU.ActiveCfg = Release|Any CPU
		{2A060B11-2F1C-4D5B-8DA8-3BD923FCD976}.Release|Any CPU.Build.0 = Release|Any CPU
		{587DB314-EFFE-4B8A-939F-6A194EB59C1D}.Debug|Any CPU.ActiveCfg = Debug|Any CPU
		{587DB314-EFFE-4B8A-939F-6A194EB59C1D}.Debug|Any CPU.Build.0 = Debug|Any CPU
		{587DB314-EFFE-4B8A-939F-6A194EB59C1D}.Release|Any CPU.ActiveCfg = Release|Any CPU
		{587DB314-EFFE-4B8A-939F-6A194EB59C1D}.Release|Any CPU.Build.0 = Release|Any CPU
		{9FA0B589-685E-49F1-9C4E-8EA08604187B}.Debug|Any CPU.ActiveCfg = Debug|Any CPU
		{9FA0B589-685E-49F1-9C4E-8EA08604187B}.Debug|Any CPU.Build.0 = Debug|Any CPU
		{9FA0B589-685E-49F1-9C4E-8EA08604187B}.Release|Any CPU.ActiveCfg = Release|Any CPU
		{9FA0B589-685E-49F1-9C4E-8EA08604187B}.Release|Any CPU.Build.0 = Release|Any CPU
		{4792B9AB-C027-4058-B782-9695B2F8D084}.Debug|Any CPU.ActiveCfg = Debug|Any CPU
		{4792B9AB-C027-4058-B782-9695B2F8D084}.Debug|Any CPU.Build.0 = Debug|Any CPU
		{4792B9AB-C027-4058-B782-9695B2F8D084}.Release|Any CPU.ActiveCfg = Release|Any CPU
		{4792B9AB-C027-4058-B782-9695B2F8D084}.Release|Any CPU.Build.0 = Release|Any CPU
	EndGlobalSection
	GlobalSection(SolutionProperties) = preSolution
		HideSolutionNode = FALSE
	EndGlobalSection
	GlobalSection(ExtensibilityGlobals) = postSolution
		SolutionGuid = {A6B1FA97-7759-45A9-9338-66809EBB62DF}
	EndGlobalSection
EndGlobal
